Microsoft Visual Studio Solution File, Format Version 12.00
# Visual Studio 14
VisualStudioVersion = 14.0.25420.1
MinimumVisualStudioVersion = 10.0.40219.1
Project("{FAE04EC0-301F-11D3-BF4B-00C04F79EFBC}") = "ld38.CSharp", "ld38.CSharp.csproj", "{44C21D0B-413F-2EE5-2744-25AE94AA50F5}"
EndProject
Project("{FAE04EC0-301F-11D3-BF4B-00C04F79EFBC}") = "ld38.CSharp.Editor", "ld38.CSharp.Editor.csproj", "{61D55308-5205-FF84-714E-04E3A4CBB993}"
EndProject
Project("{FAE04EC0-301F-11D3-BF4B-00C04F79EFBC}") = "ld38.CSharp.Plugins", "ld38.CSharp.Plugins.csproj", "{F7F90FCD-C63B-7F6B-E95A-30DABACABF1C}"
EndProject
Global
	GlobalSection(SolutionConfigurationPlatforms) = preSolution
		Debug|Any CPU = Debug|Any CPU
		Release|Any CPU = Release|Any CPU
	EndGlobalSection
	GlobalSection(ProjectConfigurationPlatforms) = postSolution
		{44C21D0B-413F-2EE5-2744-25AE94AA50F5}.Debug|Any CPU.ActiveCfg = Debug|Any CPU
		{44C21D0B-413F-2EE5-2744-25AE94AA50F5}.Debug|Any CPU.Build.0 = Debug|Any CPU
		{44C21D0B-413F-2EE5-2744-25AE94AA50F5}.Release|Any CPU.ActiveCfg = Release|Any CPU
		{44C21D0B-413F-2EE5-2744-25AE94AA50F5}.Release|Any CPU.Build.0 = Release|Any CPU
		{61D55308-5205-FF84-714E-04E3A4CBB993}.Debug|Any CPU.ActiveCfg = Debug|Any CPU
		{61D55308-5205-FF84-714E-04E3A4CBB993}.Debug|Any CPU.Build.0 = Debug|Any CPU
		{61D55308-5205-FF84-714E-04E3A4CBB993}.Release|Any CPU.ActiveCfg = Release|Any CPU
		{61D55308-5205-FF84-714E-04E3A4CBB993}.Release|Any CPU.Build.0 = Release|Any CPU
		{F7F90FCD-C63B-7F6B-E95A-30DABACABF1C}.Debug|Any CPU.ActiveCfg = Debug|Any CPU
		{F7F90FCD-C63B-7F6B-E95A-30DABACABF1C}.Debug|Any CPU.Build.0 = Debug|Any CPU
		{F7F90FCD-C63B-7F6B-E95A-30DABACABF1C}.Release|Any CPU.ActiveCfg = Release|Any CPU
		{F7F90FCD-C63B-7F6B-E95A-30DABACABF1C}.Release|Any CPU.Build.0 = Release|Any CPU
	EndGlobalSection
	GlobalSection(SolutionProperties) = preSolution
		HideSolutionNode = FALSE
	EndGlobalSection
	GlobalSection(MonoDevelopProperties) = preSolution
		StartupItem = Assembly-CSharp.csproj
	EndGlobalSection
EndGlobal
